{
  "requires": true,
  "lockfileVersion": 1,
  "dependencies": {
    "cordova-plugin-add-swift-support": {
      "version": "1.7.1",
      "resolved": "https://registry.npmjs.org/cordova-plugin-add-swift-support/-/cordova-plugin-add-swift-support-1.7.1.tgz",
      "integrity": "sha512-pD8rf8qR9C9znj32d/uUzYKW1XOgE/bngXtSUtfwzC5TXbiLs1NIwc4l20qB2eojtG8L0k/zusCOW/tytdXYmw=="
    },
    "cordova-plugin-app-update": {
      "version": "file:https:/registry.npmjs.org/cordova-plugin-app-update/-/cordova-plugin-app-update-2.0.2.tgz",
      "integrity": "sha512-JQLTdkFZ9nViV0WS7VD4WYKPj7WItDhxj/cwHW28+T1enYuISBKjMW6wm+X9wNd40oOY58KrH040sv0fIPvUTA=="
    },
    "cordova-plugin-app-version": {
      "version": "0.1.9",
      "resolved": "https://registry.npmjs.org/cordova-plugin-app-version/-/cordova-plugin-app-version-0.1.9.tgz",
      "integrity": "sha1-nbBgeGMzenEEiTAuX1CpBPFEm9s="
    },
    "cordova-plugin-appversion": {
      "version": "1.0.0",
      "resolved": "https://registry.npmjs.org/cordova-plugin-appversion/-/cordova-plugin-appversion-1.0.0.tgz",
      "integrity": "sha1-tgo5E+R1k1+QCJMLRpclwmOUKJE="
    },
    "cordova-plugin-battery-status": {
      "version": "1.2.5",
      "resolved": "https://registry.npmjs.org/cordova-plugin-battery-status/-/cordova-plugin-battery-status-1.2.5.tgz",
      "integrity": "sha1-bGSPmzz1qwNLlcXP/lhPVXbULKk="
    },
    "cordova-plugin-chrome-apps-common": {
      "version": "1.0.7",
      "resolved": "https://registry.npmjs.org/cordova-plugin-chrome-apps-common/-/cordova-plugin-chrome-apps-common-1.0.7.tgz",
      "integrity": "sha1-MAMZtZx53FUik/g6IzLPKDsQkIo="
    },
    "cordova-plugin-chrome-apps-system-network": {
      "version": "1.1.2",
      "resolved": "https://registry.npmjs.org/cordova-plugin-chrome-apps-system-network/-/cordova-plugin-chrome-apps-system-network-1.1.2.tgz",
      "integrity": "sha1-hApTwyZ0rd1HWLIAPd95PWraLqQ="
    },
    "cordova-plugin-compat": {
      "version": "1.2.0",
      "resolved": "https://registry.npmjs.org/cordova-plugin-compat/-/cordova-plugin-compat-1.2.0.tgz",
      "integrity": "sha1-C8ZXVyduvZIMASzpIOJ0F3V2Nz4="
    },
    "cordova-plugin-device": {
      "version": "1.1.7",
      "resolved": "https://registry.npmjs.org/cordova-plugin-device/-/cordova-plugin-device-1.1.7.tgz",
      "integrity": "sha1-/JQRG+aTJijGaGiTjd89yCyfv+Y="
    },
    "cordova-plugin-dialogs": {
      "version": "1.3.4",
      "resolved": "https://registry.npmjs.org/cordova-plugin-dialogs/-/cordova-plugin-dialogs-1.3.4.tgz",
      "integrity": "sha1-XMlm7nyZsvW1s934SQAmKLDacVc="
    },
    "cordova-plugin-file": {
      "version": "file:https:/registry.npmjs.org/cordova-plugin-file/-/cordova-plugin-file-4.3.3.tgz",
      "integrity": "sha1-AS6Xqhr7kfhJFuY0G1SDZtI96bk="
    },
    "cordova-plugin-globalization": {
      "version": "1.0.9",
      "resolved": "https://registry.npmjs.org/cordova-plugin-globalization/-/cordova-plugin-globalization-1.0.9.tgz",
      "integrity": "sha1-RluZmP7qC4iIRNCc19oCv6Jst6M="
    },
    "cordova-plugin-inappbrowser": {
      "version": "1.7.2",
      "resolved": "https://registry.npmjs.org/cordova-plugin-inappbrowser/-/cordova-plugin-inappbrowser-1.7.2.tgz",
      "integrity": "sha1-ZHY0lb6H6y562xoI8CCblupc7uA="
    },
    "cordova-plugin-network-information": {
      "version": "1.3.4",
      "resolved": "https://registry.npmjs.org/cordova-plugin-network-information/-/cordova-plugin-network-information-1.3.4.tgz",
      "integrity": "sha1-KPQmzCZZF03GIqBxgPm6DYVfc4M="
    },
    "cordova-plugin-networkinterface-mba": {
      "version": "1.1.1",
      "resolved": "https://registry.npmjs.org/cordova-plugin-networkinterface-mba/-/cordova-plugin-networkinterface-mba-1.1.1.tgz",
      "integrity": "sha512-1yVwZL2mxRnvlwtUYnez0Dgl1omMbAqhTSu7xKY9RifoiPG2EUrmb2yLCfbgzm1yaXJfHtvUdtgfLyD2KpQ8mQ=="
    },
    "cordova-plugin-screen-orientation": {
      "version": "3.0.2",
      "resolved": "https://registry.npmjs.org/cordova-plugin-screen-orientation/-/cordova-plugin-screen-orientation-3.0.2.tgz",
      "integrity": "sha512-2w6CMC+HGvbhogJetalwGurL2Fx8DQCCPy3wlSZHN1/W7WoQ5n9ujVozcoKrY4VaagK6bxrPFih+ElkO8Uqfzg=="
    },
    "cordova-plugin-statusbar": {
      "version": "2.4.3",
      "resolved": "https://registry.npmjs.org/cordova-plugin-statusbar/-/cordova-plugin-statusbar-2.4.3.tgz",
      "integrity": "sha512-ThmXzl6QIKWFXf4wWw7Q/zpB+VKkz3VM958+5A0sXD4jmR++u7KnGttLksXshVwWr6lvGwUebLYtIyXwS4Ovcg=="
    },
    "cordova-plugin-vibration": {
      "version": "2.1.6",
      "resolved": "https://registry.npmjs.org/cordova-plugin-vibration/-/cordova-plugin-vibration-2.1.6.tgz",
      "integrity": "sha1-5XKViSzxXkSwyZ+P60R3Q5XLSj4="
    },
    "cordova-plugin-x-toast": {
      "version": "2.7.2",
      "resolved": "https://registry.npmjs.org/cordova-plugin-x-toast/-/cordova-plugin-x-toast-2.7.2.tgz",
      "integrity": "sha512-nx4LaBkJyEk1MknkLC0/U904A42WX/1/OZUeUyXkKRtChShsoTdbWlvEqHKzPbELzf2bEMnXd1CI70WRv+a4hA=="
    },
    "es6-promise-plugin": {
      "version": "4.2.2",
      "resolved": "https://registry.npmjs.org/es6-promise-plugin/-/es6-promise-plugin-4.2.2.tgz",
      "integrity": "sha512-uoA4aVplXI9oqUYJFBAVRwAqIN9/n9JgrTAUGX3qPbnSZVE5yY1+6/MsoN5f4xsaPO62WjPHOdtts6okMN6tNA=="
    }
  }
}
